
Microsoft Visual Studio Solution File, Format Version 12.00
# Visual Studio Version 17
VisualStudioVersion = 17.3.32929.385
MinimumVisualStudioVersion = 10.0.40219.1
Project("{FAE04EC0-301F-11D3-BF4B-00C04F79EFBC}") = "WebApplicationTestFile", "WebApplicationTestFile\WebApplicationTestFile.csproj", "{D5611F50-604E-469A-8ED7-D25A6DD38B28}"
EndProject
Global
	GlobalSection(SolutionConfigurationPlatforms) = preSolution
		Debug|Any CPU = Debug|Any CPU
		Release|Any CPU = Release|Any CPU
	EndGlobalSection
	GlobalSection(ProjectConfigurationPlatforms) = postSolution
		{D5611F50-604E-469A-8ED7-D25A6DD38B28}.Debug|Any CPU.ActiveCfg = Debug|Any CPU
		{D5611F50-604E-469A-8ED7-D25A6DD38B28}.Debug|Any CPU.Build.0 = Debug|Any CPU
		{D5611F50-604E-469A-8ED7-D25A6DD38B28}.Release|Any CPU.ActiveCfg = Release|Any CPU
		{D5611F50-604E-469A-8ED7-D25A6DD38B28}.Release|Any CPU.Build.0 = Release|Any CPU
	EndGlobalSection
	GlobalSection(SolutionProperties) = preSolution
		HideSolutionNode = FALSE
	EndGlobalSection
	GlobalSection(ExtensibilityGlobals) = postSolution
		SolutionGuid = {A03EDEC7-A9A1-4F4D-B8EA-D2261E8329B1}
	EndGlobalSection
EndGlobal
